
Microsoft Visual Studio Solution File, Format Version 12.00
# Visual Studio Version 17
VisualStudioVersion = 17.0.31903.59
MinimumVisualStudioVersion = 10.0.40219.1
Project("{FAE04EC0-301F-11D3-BF4B-00C04F79EFBC}") = "InvoicesApp.UI", "InvoicesApp.UI\InvoicesApp.UI.csproj", "{8AE2C542-B0B1-4F53-8D3E-9F63B2F51ABC}"
EndProject
Global
	GlobalSection(SolutionConfigurationPlatforms) = preSolution
		Debug|Any CPU = Debug|Any CPU
		Release|Any CPU = Release|Any CPU
	EndGlobalSection
	GlobalSection(SolutionProperties) = preSolution
		HideSolutionNode = FALSE
	EndGlobalSection
	GlobalSection(ProjectConfigurationPlatforms) = postSolution
		{8AE2C542-B0B1-4F53-8D3E-9F63B2F51ABC}.Debug|Any CPU.ActiveCfg = Debug|Any CPU
		{8AE2C542-B0B1-4F53-8D3E-9F63B2F51ABC}.Debug|Any CPU.Build.0 = Debug|Any CPU
		{8AE2C542-B0B1-4F53-8D3E-9F63B2F51ABC}.Release|Any CPU.ActiveCfg = Release|Any CPU
		{8AE2C542-B0B1-4F53-8D3E-9F63B2F51ABC}.Release|Any CPU.Build.0 = Release|Any CPU
	EndGlobalSection
EndGlobal
